<?xml version="1.0" encoding="utf-8"?>
<Project ToolsVersion="4.0" xmlns="http://schemas.microsoft.com/developer/msbuild/2003">
  <ItemGroup>
    <Filter Include="AALife_Engine">
      <UniqueIdentifier>{3C1C221B-A8DC-9D51-7117-E7CEDD96E22D}</UniqueIdentifier>
    </Filter>
  </ItemGroup>
  <ItemGroup>
    <ClInclude Include="src\AALife_Engine.h" />
    <ClInclude Include="src\AALife_Engine\Application.h">
      <Filter>AALife_Engine</Filter>
    </ClInclude>
    <ClInclude Include="src\AALife_Engine\Core.h">
      <Filter>AALife_Engine</Filter>
    </ClInclude>
    <ClInclude Include="src\AALife_Engine\EntryPoint.h">
      <Filter>AALife_Engine</Filter>
    </ClInclude>
    <ClInclude Include="src\AALife_Engine\Log.h">
      <Filter>AALife_Engine</Filter>
    </ClInclude>
  </ItemGroup>
  <ItemGroup>
    <ClCompile Include="src\AALife_Engine\Application.cpp">
      <Filter>AALife_Engine</Filter>
    </ClCompile>
    <ClCompile Include="src\AALife_Engine\Log.cpp">
      <Filter>AALife_Engine</Filter>
    </ClCompile>
  </ItemGroup>
</Project>